
Microsoft Visual Studio Solution File, Format Version 12.00
# Visual Studio Version 17
VisualStudioVersion = 17.5.002.0
MinimumVisualStudioVersion = 10.0.40219.1
Project("{2150E333-8FDC-42A3-9474-1A3956D46DE8}") = "lecture_2", "lecture_2", "{5886C73D-47E3-4521-A0E5-FF0F3FFD6B3D}"
EndProject
Project("{9A19103F-16F7-4668-BE54-9A1E7A4F7556}") = "task_1", "lecture_2\task_1\task_1.csproj", "{A5868B97-7939-4CE9-A4DC-D7C6D1B4E43A}"
EndProject
Project("{9A19103F-16F7-4668-BE54-9A1E7A4F7556}") = "task_2", "lecture_2\task_2\task_2.csproj", "{69708D7B-75B0-4C52-B817-D30963A195A2}"
EndProject
Project("{9A19103F-16F7-4668-BE54-9A1E7A4F7556}") = "task_3", "lecture_2\task_3\task_3.csproj", "{E93ED454-C50A-479A-B79F-836707E11D1E}"
EndProject
Project("{9A19103F-16F7-4668-BE54-9A1E7A4F7556}") = "task_4", "lecture_2\task_4\task_4.csproj", "{5963A31B-B761-400D-944A-F961B3BE2149}"
EndProject
Project("{2150E333-8FDC-42A3-9474-1A3956D46DE8}") = "lecture_3", "lecture_3", "{42270B45-D605-4C73-A20D-C5805D383BA4}"
EndProject
Project("{9A19103F-16F7-4668-BE54-9A1E7A4F7556}") = "task_1", "lecture_3\task_1\task_1.csproj", "{51CB6F80-5A22-467B-ADAD-C75E22515ABA}"
EndProject
Project("{9A19103F-16F7-4668-BE54-9A1E7A4F7556}") = "task_2", "lecture_3\task_2\task_2.csproj", "{1185EF72-CAAA-4707-A731-D4CC1B69F1BD}"
EndProject
Project("{9A19103F-16F7-4668-BE54-9A1E7A4F7556}") = "task_3", "lecture_3\task_3\task_3.csproj", "{67B5378A-465A-48A0-9CA3-8D24D1CCD067}"
EndProject
Project("{2150E333-8FDC-42A3-9474-1A3956D46DE8}") = "lecture_4", "lecture_4", "{E6BCEBCB-144D-4C6A-BC5D-32CE18F35A62}"
EndProject
Project("{9A19103F-16F7-4668-BE54-9A1E7A4F7556}") = "4.1", "lecture_4\4.1\4.1.csproj", "{DEE1A34D-39FB-49E1-9E52-E0DFE6420ECB}"
EndProject
Project("{9A19103F-16F7-4668-BE54-9A1E7A4F7556}") = "4.2", "lecture_4\4.2\4.2.csproj", "{79AFC4A5-16D6-4659-879B-386ED3ED3368}"
EndProject
Project("{9A19103F-16F7-4668-BE54-9A1E7A4F7556}") = "4.3", "lecture_4\4.3\4.3.csproj", "{84C88299-CCF9-4141-9F64-95E1DD6D761C}"
EndProject
Project("{2150E333-8FDC-42A3-9474-1A3956D46DE8}") = "lecture_5", "lecture_5", "{96975095-90CC-4BDC-A0B3-E0136C51F9C3}"
EndProject
Project("{9A19103F-16F7-4668-BE54-9A1E7A4F7556}") = "task_1", "lecture_5\task_1\task_1.csproj", "{9F366247-DB3D-4CCA-BDD7-2D178DF865A3}"
EndProject
Project("{2150E333-8FDC-42A3-9474-1A3956D46DE8}") = "Lesson_1", "Lesson_1", "{CEFF43FE-1187-45AE-ACD7-69675F48EB67}"
EndProject
Project("{9A19103F-16F7-4668-BE54-9A1E7A4F7556}") = "1_1", "Lesson_1\1_1\1_1.csproj", "{FE5AD270-765B-4639-835A-07FA15C253C2}"
EndProject
Project("{9A19103F-16F7-4668-BE54-9A1E7A4F7556}") = "1_2", "Lesson_1\1_2\1_2.csproj", "{B7FB6392-A95E-4F8A-A595-2FDB7AE0FDA4}"
EndProject
Project("{2150E333-8FDC-42A3-9474-1A3956D46DE8}") = "Lesson_2", "Lesson_2", "{6275FF43-ADD4-4DE1-9E61-7F93E48CC5DC}"
EndProject
Project("{9A19103F-16F7-4668-BE54-9A1E7A4F7556}") = "2_1", "Lesson_2\2_1\2_1.csproj", "{C0BED10B-D708-482A-A26E-A5536D9FBCEB}"
EndProject
Project("{9A19103F-16F7-4668-BE54-9A1E7A4F7556}") = "2_2", "Lesson_2\2_2\2_2.csproj", "{5214CC17-8399-4866-9B09-D90ADEDC0EE4}"
EndProject
Project("{9A19103F-16F7-4668-BE54-9A1E7A4F7556}") = "2_3", "Lesson_2\2_3\2_3.csproj", "{13E2CFA3-525B-4692-8A25-82346E7E6AC4}"
EndProject
Project("{9A19103F-16F7-4668-BE54-9A1E7A4F7556}") = "2_4", "Lesson_2\2_4\2_4.csproj", "{6F019D17-A415-430C-96C2-BF0EADA82FFE}"
EndProject
Project("{2150E333-8FDC-42A3-9474-1A3956D46DE8}") = "Lesson_3", "Lesson_3", "{F05F4984-5CB7-4FCE-BC03-5215C5DECE86}"
EndProject
Project("{9A19103F-16F7-4668-BE54-9A1E7A4F7556}") = "task_1", "Lesson_3\task_1\task_1.csproj", "{9584C142-4945-4AA8-B840-051EFE17420F}"
EndProject
Project("{9A19103F-16F7-4668-BE54-9A1E7A4F7556}") = "task_2", "Lesson_3\task_2\task_2.csproj", "{0796A616-2E45-43EE-A0A2-E1A482BE6BFA}"
EndProject
Project("{9A19103F-16F7-4668-BE54-9A1E7A4F7556}") = "task_3", "Lesson_3\task_3\task_3.csproj", "{D1E6FB89-F6D9-49B6-B59E-8FC5CFE5349A}"
EndProject
Project("{9A19103F-16F7-4668-BE54-9A1E7A4F7556}") = "task_4", "Lesson_3\task_4\task_4.csproj", "{6D42FD62-56BF-439A-A528-54ED35F5E543}"
EndProject
Project("{2150E333-8FDC-42A3-9474-1A3956D46DE8}") = "Lesson_4", "Lesson_4", "{4D95C49C-EB14-49AC-B572-2185343B3990}"
EndProject
Project("{9A19103F-16F7-4668-BE54-9A1E7A4F7556}") = "task_1", "Lesson_4\task_1\task_1.csproj", "{4612DE59-F623-4C66-B8E5-0762FBF3EBCA}"
EndProject
Project("{9A19103F-16F7-4668-BE54-9A1E7A4F7556}") = "task_2", "Lesson_4\task_2\task_2.csproj", "{9C035D56-1E9F-4D55-AB2A-C2EED64365FE}"
EndProject
Project("{9A19103F-16F7-4668-BE54-9A1E7A4F7556}") = "task_3", "Lesson_4\task_3\task_3.csproj", "{803828DD-8934-4833-9DA5-96FBBD176D0D}"
EndProject
Project("{2150E333-8FDC-42A3-9474-1A3956D46DE8}") = "Lesson_5", "Lesson_5", "{D6BDAA16-AE02-434F-8DC9-9C5A0019D257}"
EndProject
Project("{9A19103F-16F7-4668-BE54-9A1E7A4F7556}") = "5.1", "Lesson_5\5.1\5.1.csproj", "{845F09C2-C044-4B54-95A8-57BD9DCEF2C5}"
EndProject
Project("{9A19103F-16F7-4668-BE54-9A1E7A4F7556}") = "5.2", "Lesson_5\5.2\5.2.csproj", "{ECD2BF1A-E80B-4497-AAFC-D175725F113D}"
EndProject
Project("{9A19103F-16F7-4668-BE54-9A1E7A4F7556}") = "5.3", "Lesson_5\5.3\5.3.csproj", "{DC5FC0D7-DBDA-4A95-AB90-FE5A86114479}"
EndProject
Project("{2150E333-8FDC-42A3-9474-1A3956D46DE8}") = "Lesson_6", "Lesson_6", "{83540BF6-1FFB-4D28-AE80-411186FD1096}"
EndProject
Project("{9A19103F-16F7-4668-BE54-9A1E7A4F7556}") = "6.1", "Lesson_6\6.1\6.1.csproj", "{87F8323B-02EE-4D54-BCC0-7493EE11E0DF}"
EndProject
Project("{9A19103F-16F7-4668-BE54-9A1E7A4F7556}") = "6.2", "Lesson_6\6.2\6.2.csproj", "{7B499A02-C379-43E9-B0E6-78790E2F4568}"
EndProject
Project("{9A19103F-16F7-4668-BE54-9A1E7A4F7556}") = "6.3", "Lesson_6\6.3\6.3.csproj", "{E75749DA-2E58-4887-BB44-A495012C807D}"
EndProject
Project("{2150E333-8FDC-42A3-9474-1A3956D46DE8}") = "HomeWork", "HomeWork", "{805DFC0C-B745-45EC-83C1-AE9F901EDA41}"
EndProject
Project("{9A19103F-16F7-4668-BE54-9A1E7A4F7556}") = "1", "Lesson_2\HomeWork\1\1.csproj", "{94ED0A37-27B4-45A2-949C-0642ED085DDD}"
EndProject
Project("{9A19103F-16F7-4668-BE54-9A1E7A4F7556}") = "2", "Lesson_2\HomeWork\2\2.csproj", "{C5097D01-1AC9-4410-8BF3-6EA8DE1EF617}"
EndProject
Project("{9A19103F-16F7-4668-BE54-9A1E7A4F7556}") = "3", "Lesson_2\HomeWork\3\3.csproj", "{E4C90119-958B-4BE6-8210-189E0E63DF8D}"
EndProject
Project("{9A19103F-16F7-4668-BE54-9A1E7A4F7556}") = "4", "Lesson_2\HomeWork\4\4.csproj", "{4E2E12F5-3D2C-43B3-828E-8755525176B1}"
EndProject
Project("{2150E333-8FDC-42A3-9474-1A3956D46DE8}") = "HomeWork", "HomeWork", "{914A887E-AEC8-471C-8559-3A94F2A60662}"
EndProject
Project("{9A19103F-16F7-4668-BE54-9A1E7A4F7556}") = "1", "Lesson_3\HomeWork\1\1.csproj", "{B70CB7E4-D613-4217-9918-D23C53937361}"
EndProject
Project("{9A19103F-16F7-4668-BE54-9A1E7A4F7556}") = "2", "Lesson_3\HomeWork\2\2.csproj", "{ECCD078E-4F2D-4F3B-B3C3-9AFFFD785109}"
EndProject
Project("{9A19103F-16F7-4668-BE54-9A1E7A4F7556}") = "3", "Lesson_3\HomeWork\3\3.csproj", "{FBB40105-0A4C-4504-807B-7CC1765E5CC5}"
EndProject
Project("{2150E333-8FDC-42A3-9474-1A3956D46DE8}") = "HomeWork", "HomeWork", "{71B25B77-90F5-49DD-A50D-1DA05049147F}"
EndProject
Project("{9A19103F-16F7-4668-BE54-9A1E7A4F7556}") = "1", "Lesson_4\HomeWork\1\1.csproj", "{9CEEC015-D4BC-49BA-B05E-DD252373E54E}"
EndProject
Project("{9A19103F-16F7-4668-BE54-9A1E7A4F7556}") = "2", "Lesson_4\HomeWork\2\2.csproj", "{19A96CC6-F276-4B22-9F26-1A92821C5552}"
EndProject
Project("{9A19103F-16F7-4668-BE54-9A1E7A4F7556}") = "3", "Lesson_4\HomeWork\3\3.csproj", "{385CBCD0-67B5-4465-9045-D5B50134084E}"
EndProject
Project("{2150E333-8FDC-42A3-9474-1A3956D46DE8}") = "HM", "HM", "{28880B8E-8AC9-49A3-938B-D0D38808AF8E}"
EndProject
Project("{9A19103F-16F7-4668-BE54-9A1E7A4F7556}") = "1", "Lesson_5\HM\1\1.csproj", "{9F34DC0E-7DAD-4E9B-B0B9-28CC7BD8B0B8}"
EndProject
Project("{9A19103F-16F7-4668-BE54-9A1E7A4F7556}") = "2", "Lesson_5\HM\2\2.csproj", "{6D4F9EA7-8D91-45F3-B285-4BCD8F2BFCD4}"
EndProject
Project("{9A19103F-16F7-4668-BE54-9A1E7A4F7556}") = "3", "Lesson_5\HM\3\3.csproj", "{515959B9-81E8-450E-A3A0-BF337091D6A2}"
EndProject
Project("{2150E333-8FDC-42A3-9474-1A3956D46DE8}") = "HM_2", "HM_2", "{C93CAA42-87FE-43FE-91A0-93DBAFF6B5EE}"
EndProject
Project("{9A19103F-16F7-4668-BE54-9A1E7A4F7556}") = "1", "Lesson_5\HM_2\1\1.csproj", "{576BA673-DBB5-4108-AD41-89E71BD42EAE}"
EndProject
Project("{9A19103F-16F7-4668-BE54-9A1E7A4F7556}") = "2", "Lesson_5\HM_2\2\2.csproj", "{E7F06F03-66F5-4F54-BC11-D40E1AFFD812}"
EndProject
Project("{9A19103F-16F7-4668-BE54-9A1E7A4F7556}") = "3", "Lesson_5\HM_2\3\3.csproj", "{6F6669AE-1DDB-40C3-BE94-54D632402BFA}"
EndProject
Project("{2150E333-8FDC-42A3-9474-1A3956D46DE8}") = "HW", "HW", "{B9F06EF7-1691-4AE5-8466-21A52A647381}"
EndProject
Project("{9A19103F-16F7-4668-BE54-9A1E7A4F7556}") = "1", "Lesson_6\HW\1\1.csproj", "{F2E8ED6D-4A7F-4883-B517-7846A5431A26}"
EndProject
Project("{9A19103F-16F7-4668-BE54-9A1E7A4F7556}") = "2", "Lesson_6\HW\2\2.csproj", "{CED9CAFB-9190-4A81-91F8-6DFA4093952E}"
EndProject
Project("{9A19103F-16F7-4668-BE54-9A1E7A4F7556}") = "3", "Lesson_6\HW\3\3.csproj", "{8C9C0EFD-9FFD-4AC1-A3C2-66DD1CA1538D}"
EndProject
Project("{2150E333-8FDC-42A3-9474-1A3956D46DE8}") = "Lesson_7", "Lesson_7", "{49C3DAE0-1F86-4728-8FA3-3DEC7846D198}"
EndProject
Project("{2150E333-8FDC-42A3-9474-1A3956D46DE8}") = "HomeWork", "HomeWork", "{2CB674EA-2A67-4043-983C-904E7D10C23D}"
EndProject
Project("{9A19103F-16F7-4668-BE54-9A1E7A4F7556}") = "1", "Lesson_7\HomeWork\1\1.csproj", "{4E0FAFA9-DDC4-421A-9140-831A3EDD62F1}"
EndProject
Project("{9A19103F-16F7-4668-BE54-9A1E7A4F7556}") = "2", "Lesson_7\HomeWork\2\2.csproj", "{B229C0F3-A1D0-4934-81F2-7645343A46CC}"
EndProject
Project("{9A19103F-16F7-4668-BE54-9A1E7A4F7556}") = "3", "Lesson_7\HomeWork\3\3.csproj", "{700E1D5E-D437-49F0-A85E-8889E8999746}"
EndProject
Global
	GlobalSection(SolutionConfigurationPlatforms) = preSolution
		Debug|Any CPU = Debug|Any CPU
		Release|Any CPU = Release|Any CPU
	EndGlobalSection
	GlobalSection(ProjectConfigurationPlatforms) = postSolution
		{A5868B97-7939-4CE9-A4DC-D7C6D1B4E43A}.Debug|Any CPU.ActiveCfg = Debug|Any CPU
		{A5868B97-7939-4CE9-A4DC-D7C6D1B4E43A}.Debug|Any CPU.Build.0 = Debug|Any CPU
		{A5868B97-7939-4CE9-A4DC-D7C6D1B4E43A}.Release|Any CPU.ActiveCfg = Release|Any CPU
		{A5868B97-7939-4CE9-A4DC-D7C6D1B4E43A}.Release|Any CPU.Build.0 = Release|Any CPU
		{69708D7B-75B0-4C52-B817-D30963A195A2}.Debug|Any CPU.ActiveCfg = Debug|Any CPU
		{69708D7B-75B0-4C52-B817-D30963A195A2}.Debug|Any CPU.Build.0 = Debug|Any CPU
		{69708D7B-75B0-4C52-B817-D30963A195A2}.Release|Any CPU.ActiveCfg = Release|Any CPU
		{69708D7B-75B0-4C52-B817-D30963A195A2}.Release|Any CPU.Build.0 = Release|Any CPU
		{E93ED454-C50A-479A-B79F-836707E11D1E}.Debug|Any CPU.ActiveCfg = Debug|Any CPU
		{E93ED454-C50A-479A-B79F-836707E11D1E}.Debug|Any CPU.Build.0 = Debug|Any CPU
		{E93ED454-C50A-479A-B79F-836707E11D1E}.Release|Any CPU.ActiveCfg = Release|Any CPU
		{E93ED454-C50A-479A-B79F-836707E11D1E}.Release|Any CPU.Build.0 = Release|Any CPU
		{5963A31B-B761-400D-944A-F961B3BE2149}.Debug|Any CPU.ActiveCfg = Debug|Any CPU
		{5963A31B-B761-400D-944A-F961B3BE2149}.Debug|Any CPU.Build.0 = Debug|Any CPU
		{5963A31B-B761-400D-944A-F961B3BE2149}.Release|Any CPU.ActiveCfg = Release|Any CPU
		{5963A31B-B761-400D-944A-F961B3BE2149}.Release|Any CPU.Build.0 = Release|Any CPU
		{51CB6F80-5A22-467B-ADAD-C75E22515ABA}.Debug|Any CPU.ActiveCfg = Debug|Any CPU
		{51CB6F80-5A22-467B-ADAD-C75E22515ABA}.Debug|Any CPU.Build.0 = Debug|Any CPU
		{51CB6F80-5A22-467B-ADAD-C75E22515ABA}.Release|Any CPU.ActiveCfg = Release|Any CPU
		{51CB6F80-5A22-467B-ADAD-C75E22515ABA}.Release|Any CPU.Build.0 = Release|Any CPU
		{1185EF72-CAAA-4707-A731-D4CC1B69F1BD}.Debug|Any CPU.ActiveCfg = Debug|Any CPU
		{1185EF72-CAAA-4707-A731-D4CC1B69F1BD}.Debug|Any CPU.Build.0 = Debug|Any CPU
		{1185EF72-CAAA-4707-A731-D4CC1B69F1BD}.Release|Any CPU.ActiveCfg = Release|Any CPU
		{1185EF72-CAAA-4707-A731-D4CC1B69F1BD}.Release|Any CPU.Build.0 = Release|Any CPU
		{67B5378A-465A-48A0-9CA3-8D24D1CCD067}.Debug|Any CPU.ActiveCfg = Debug|Any CPU
		{67B5378A-465A-48A0-9CA3-8D24D1CCD067}.Debug|Any CPU.Build.0 = Debug|Any CPU
		{67B5378A-465A-48A0-9CA3-8D24D1CCD067}.Release|Any CPU.ActiveCfg = Release|Any CPU
		{67B5378A-465A-48A0-9CA3-8D24D1CCD067}.Release|Any CPU.Build.0 = Release|Any CPU
		{DEE1A34D-39FB-49E1-9E52-E0DFE6420ECB}.Debug|Any CPU.ActiveCfg = Debug|Any CPU
		{DEE1A34D-39FB-49E1-9E52-E0DFE6420ECB}.Debug|Any CPU.Build.0 = Debug|Any CPU
		{DEE1A34D-39FB-49E1-9E52-E0DFE6420ECB}.Release|Any CPU.ActiveCfg = Release|Any CPU
		{DEE1A34D-39FB-49E1-9E52-E0DFE6420ECB}.Release|Any CPU.Build.0 = Release|Any CPU
		{79AFC4A5-16D6-4659-879B-386ED3ED3368}.Debug|Any CPU.ActiveCfg = Debug|Any CPU
		{79AFC4A5-16D6-4659-879B-386ED3ED3368}.Debug|Any CPU.Build.0 = Debug|Any CPU
		{79AFC4A5-16D6-4659-879B-386ED3ED3368}.Release|Any CPU.ActiveCfg = Release|Any CPU
		{79AFC4A5-16D6-4659-879B-386ED3ED3368}.Release|Any CPU.Build.0 = Release|Any CPU
		{84C88299-CCF9-4141-9F64-95E1DD6D761C}.Debug|Any CPU.ActiveCfg = Debug|Any CPU
		{84C88299-CCF9-4141-9F64-95E1DD6D761C}.Debug|Any CPU.Build.0 = Debug|Any CPU
		{84C88299-CCF9-4141-9F64-95E1DD6D761C}.Release|Any CPU.ActiveCfg = Release|Any CPU
		{84C88299-CCF9-4141-9F64-95E1DD6D761C}.Release|Any CPU.Build.0 = Release|Any CPU
		{9F366247-DB3D-4CCA-BDD7-2D178DF865A3}.Debug|Any CPU.ActiveCfg = Debug|Any CPU
		{9F366247-DB3D-4CCA-BDD7-2D178DF865A3}.Debug|Any CPU.Build.0 = Debug|Any CPU
		{9F366247-DB3D-4CCA-BDD7-2D178DF865A3}.Release|Any CPU.ActiveCfg = Release|Any CPU
		{9F366247-DB3D-4CCA-BDD7-2D178DF865A3}.Release|Any CPU.Build.0 = Release|Any CPU
		{FE5AD270-765B-4639-835A-07FA15C253C2}.Debug|Any CPU.ActiveCfg = Debug|Any CPU
		{FE5AD270-765B-4639-835A-07FA15C253C2}.Debug|Any CPU.Build.0 = Debug|Any CPU
		{FE5AD270-765B-4639-835A-07FA15C253C2}.Release|Any CPU.ActiveCfg = Release|Any CPU
		{FE5AD270-765B-4639-835A-07FA15C253C2}.Release|Any CPU.Build.0 = Release|Any CPU
		{B7FB6392-A95E-4F8A-A595-2FDB7AE0FDA4}.Debug|Any CPU.ActiveCfg = Debug|Any CPU
		{B7FB6392-A95E-4F8A-A595-2FDB7AE0FDA4}.Debug|Any CPU.Build.0 = Debug|Any CPU
		{B7FB6392-A95E-4F8A-A595-2FDB7AE0FDA4}.Release|Any CPU.ActiveCfg = Release|Any CPU
		{B7FB6392-A95E-4F8A-A595-2FDB7AE0FDA4}.Release|Any CPU.Build.0 = Release|Any CPU
		{C0BED10B-D708-482A-A26E-A5536D9FBCEB}.Debug|Any CPU.ActiveCfg = Debug|Any CPU
		{C0BED10B-D708-482A-A26E-A5536D9FBCEB}.Debug|Any CPU.Build.0 = Debug|Any CPU
		{C0BED10B-D708-482A-A26E-A5536D9FBCEB}.Release|Any CPU.ActiveCfg = Release|Any CPU
		{C0BED10B-D708-482A-A26E-A5536D9FBCEB}.Release|Any CPU.Build.0 = Release|Any CPU
		{5214CC17-8399-4866-9B09-D90ADEDC0EE4}.Debug|Any CPU.ActiveCfg = Debug|Any CPU
		{5214CC17-8399-4866-9B09-D90ADEDC0EE4}.Debug|Any CPU.Build.0 = Debug|Any CPU
		{5214CC17-8399-4866-9B09-D90ADEDC0EE4}.Release|Any CPU.ActiveCfg = Release|Any CPU
		{5214CC17-8399-4866-9B09-D90ADEDC0EE4}.Release|Any CPU.Build.0 = Release|Any CPU
		{13E2CFA3-525B-4692-8A25-82346E7E6AC4}.Debug|Any CPU.ActiveCfg = Debug|Any CPU
		{13E2CFA3-525B-4692-8A25-82346E7E6AC4}.Debug|Any CPU.Build.0 = Debug|Any CPU
		{13E2CFA3-525B-4692-8A25-82346E7E6AC4}.Release|Any CPU.ActiveCfg = Release|Any CPU
		{13E2CFA3-525B-4692-8A25-82346E7E6AC4}.Release|Any CPU.Build.0 = Release|Any CPU
		{6F019D17-A415-430C-96C2-BF0EADA82FFE}.Debug|Any CPU.ActiveCfg = Debug|Any CPU
		{6F019D17-A415-430C-96C2-BF0EADA82FFE}.Debug|Any CPU.Build.0 = Debug|Any CPU
		{6F019D17-A415-430C-96C2-BF0EADA82FFE}.Release|Any CPU.ActiveCfg = Release|Any CPU
		{6F019D17-A415-430C-96C2-BF0EADA82FFE}.Release|Any CPU.Build.0 = Release|Any CPU
		{9584C142-4945-4AA8-B840-051EFE17420F}.Debug|Any CPU.ActiveCfg = Debug|Any CPU
		{9584C142-4945-4AA8-B840-051EFE17420F}.Debug|Any CPU.Build.0 = Debug|Any CPU
		{9584C142-4945-4AA8-B840-051EFE17420F}.Release|Any CPU.ActiveCfg = Release|Any CPU
		{9584C142-4945-4AA8-B840-051EFE17420F}.Release|Any CPU.Build.0 = Release|Any CPU
		{0796A616-2E45-43EE-A0A2-E1A482BE6BFA}.Debug|Any CPU.ActiveCfg = Debug|Any CPU
		{0796A616-2E45-43EE-A0A2-E1A482BE6BFA}.Debug|Any CPU.Build.0 = Debug|Any CPU
		{0796A616-2E45-43EE-A0A2-E1A482BE6BFA}.Release|Any CPU.ActiveCfg = Release|Any CPU
		{0796A616-2E45-43EE-A0A2-E1A482BE6BFA}.Release|Any CPU.Build.0 = Release|Any CPU
		{D1E6FB89-F6D9-49B6-B59E-8FC5CFE5349A}.Debug|Any CPU.ActiveCfg = Debug|Any CPU
		{D1E6FB89-F6D9-49B6-B59E-8FC5CFE5349A}.Debug|Any CPU.Build.0 = Debug|Any CPU
		{D1E6FB89-F6D9-49B6-B59E-8FC5CFE5349A}.Release|Any CPU.ActiveCfg = Release|Any CPU
		{D1E6FB89-F6D9-49B6-B59E-8FC5CFE5349A}.Release|Any CPU.Build.0 = Release|Any CPU
		{6D42FD62-56BF-439A-A528-54ED35F5E543}.Debug|Any CPU.ActiveCfg = Debug|Any CPU
		{6D42FD62-56BF-439A-A528-54ED35F5E543}.Debug|Any CPU.Build.0 = Debug|Any CPU
		{6D42FD62-56BF-439A-A528-54ED35F5E543}.Release|Any CPU.ActiveCfg = Release|Any CPU
		{6D42FD62-56BF-439A-A528-54ED35F5E543}.Release|Any CPU.Build.0 = Release|Any CPU
		{4612DE59-F623-4C66-B8E5-0762FBF3EBCA}.Debug|Any CPU.ActiveCfg = Debug|Any CPU
		{4612DE59-F623-4C66-B8E5-0762FBF3EBCA}.Debug|Any CPU.Build.0 = Debug|Any CPU
		{4612DE59-F623-4C66-B8E5-0762FBF3EBCA}.Release|Any CPU.ActiveCfg = Release|Any CPU
		{4612DE59-F623-4C66-B8E5-0762FBF3EBCA}.Release|Any CPU.Build.0 = Release|Any CPU
		{9C035D56-1E9F-4D55-AB2A-C2EED64365FE}.Debug|Any CPU.ActiveCfg = Debug|Any CPU
		{9C035D56-1E9F-4D55-AB2A-C2EED64365FE}.Debug|Any CPU.Build.0 = Debug|Any CPU
		{9C035D56-1E9F-4D55-AB2A-C2EED64365FE}.Release|Any CPU.ActiveCfg = Release|Any CPU
		{9C035D56-1E9F-4D55-AB2A-C2EED64365FE}.Release|Any CPU.Build.0 = Release|Any CPU
		{803828DD-8934-4833-9DA5-96FBBD176D0D}.Debug|Any CPU.ActiveCfg = Debug|Any CPU
		{803828DD-8934-4833-9DA5-96FBBD176D0D}.Debug|Any CPU.Build.0 = Debug|Any CPU
		{803828DD-8934-4833-9DA5-96FBBD176D0D}.Release|Any CPU.ActiveCfg = Release|Any CPU
		{803828DD-8934-4833-9DA5-96FBBD176D0D}.Release|Any CPU.Build.0 = Release|Any CPU
		{845F09C2-C044-4B54-95A8-57BD9DCEF2C5}.Debug|Any CPU.ActiveCfg = Debug|Any CPU
		{845F09C2-C044-4B54-95A8-57BD9DCEF2C5}.Debug|Any CPU.Build.0 = Debug|Any CPU
		{845F09C2-C044-4B54-95A8-57BD9DCEF2C5}.Release|Any CPU.ActiveCfg = Release|Any CPU
		{845F09C2-C044-4B54-95A8-57BD9DCEF2C5}.Release|Any CPU.Build.0 = Release|Any CPU
		{ECD2BF1A-E80B-4497-AAFC-D175725F113D}.Debug|Any CPU.ActiveCfg = Debug|Any CPU
		{ECD2BF1A-E80B-4497-AAFC-D175725F113D}.Debug|Any CPU.Build.0 = Debug|Any CPU
		{ECD2BF1A-E80B-4497-AAFC-D175725F113D}.Release|Any CPU.ActiveCfg = Release|Any CPU
		{ECD2BF1A-E80B-4497-AAFC-D175725F113D}.Release|Any CPU.Build.0 = Release|Any CPU
		{DC5FC0D7-DBDA-4A95-AB90-FE5A86114479}.Debug|Any CPU.ActiveCfg = Debug|Any CPU
		{DC5FC0D7-DBDA-4A95-AB90-FE5A86114479}.Debug|Any CPU.Build.0 = Debug|Any CPU
		{DC5FC0D7-DBDA-4A95-AB90-FE5A86114479}.Release|Any CPU.ActiveCfg = Release|Any CPU
		{DC5FC0D7-DBDA-4A95-AB90-FE5A86114479}.Release|Any CPU.Build.0 = Release|Any CPU
		{87F8323B-02EE-4D54-BCC0-7493EE11E0DF}.Debug|Any CPU.ActiveCfg = Debug|Any CPU
		{87F8323B-02EE-4D54-BCC0-7493EE11E0DF}.Debug|Any CPU.Build.0 = Debug|Any CPU
		{87F8323B-02EE-4D54-BCC0-7493EE11E0DF}.Release|Any CPU.ActiveCfg = Release|Any CPU
		{87F8323B-02EE-4D54-BCC0-7493EE11E0DF}.Release|Any CPU.Build.0 = Release|Any CPU
		{7B499A02-C379-43E9-B0E6-78790E2F4568}.Debug|Any CPU.ActiveCfg = Debug|Any CPU
		{7B499A02-C379-43E9-B0E6-78790E2F4568}.Debug|Any CPU.Build.0 = Debug|Any CPU
		{7B499A02-C379-43E9-B0E6-78790E2F4568}.Release|Any CPU.ActiveCfg = Release|Any CPU
		{7B499A02-C379-43E9-B0E6-78790E2F4568}.Release|Any CPU.Build.0 = Release|Any CPU
		{E75749DA-2E58-4887-BB44-A495012C807D}.Debug|Any CPU.ActiveCfg = Debug|Any CPU
		{E75749DA-2E58-4887-BB44-A495012C807D}.Debug|Any CPU.Build.0 = Debug|Any CPU
		{E75749DA-2E58-4887-BB44-A495012C807D}.Release|Any CPU.ActiveCfg = Release|Any CPU
		{E75749DA-2E58-4887-BB44-A495012C807D}.Release|Any CPU.Build.0 = Release|Any CPU
		{94ED0A37-27B4-45A2-949C-0642ED085DDD}.Debug|Any CPU.ActiveCfg = Debug|Any CPU
		{94ED0A37-27B4-45A2-949C-0642ED085DDD}.Debug|Any CPU.Build.0 = Debug|Any CPU
		{94ED0A37-27B4-45A2-949C-0642ED085DDD}.Release|Any CPU.ActiveCfg = Release|Any CPU
		{94ED0A37-27B4-45A2-949C-0642ED085DDD}.Release|Any CPU.Build.0 = Release|Any CPU
		{C5097D01-1AC9-4410-8BF3-6EA8DE1EF617}.Debug|Any CPU.ActiveCfg = Debug|Any CPU
		{C5097D01-1AC9-4410-8BF3-6EA8DE1EF617}.Debug|Any CPU.Build.0 = Debug|Any CPU
		{C5097D01-1AC9-4410-8BF3-6EA8DE1EF617}.Release|Any CPU.ActiveCfg = Release|Any CPU
		{C5097D01-1AC9-4410-8BF3-6EA8DE1EF617}.Release|Any CPU.Build.0 = Release|Any CPU
		{E4C90119-958B-4BE6-8210-189E0E63DF8D}.Debug|Any CPU.ActiveCfg = Debug|Any CPU
		{E4C90119-958B-4BE6-8210-189E0E63DF8D}.Debug|Any CPU.Build.0 = Debug|Any CPU
		{E4C90119-958B-4BE6-8210-189E0E63DF8D}.Release|Any CPU.ActiveCfg = Release|Any CPU
		{E4C90119-958B-4BE6-8210-189E0E63DF8D}.Release|Any CPU.Build.0 = Release|Any CPU
		{4E2E12F5-3D2C-43B3-828E-8755525176B1}.Debug|Any CPU.ActiveCfg = Debug|Any CPU
		{4E2E12F5-3D2C-43B3-828E-8755525176B1}.Debug|Any CPU.Build.0 = Debug|Any CPU
		{4E2E12F5-3D2C-43B3-828E-8755525176B1}.Release|Any CPU.ActiveCfg = Release|Any CPU
		{4E2E12F5-3D2C-43B3-828E-8755525176B1}.Release|Any CPU.Build.0 = Release|Any CPU
		{B70CB7E4-D613-4217-9918-D23C53937361}.Debug|Any CPU.ActiveCfg = Debug|Any CPU
		{B70CB7E4-D613-4217-9918-D23C53937361}.Debug|Any CPU.Build.0 = Debug|Any CPU
		{B70CB7E4-D613-4217-9918-D23C53937361}.Release|Any CPU.ActiveCfg = Release|Any CPU
		{B70CB7E4-D613-4217-9918-D23C53937361}.Release|Any CPU.Build.0 = Release|Any CPU
		{ECCD078E-4F2D-4F3B-B3C3-9AFFFD785109}.Debug|Any CPU.ActiveCfg = Debug|Any CPU
		{ECCD078E-4F2D-4F3B-B3C3-9AFFFD785109}.Debug|Any CPU.Build.0 = Debug|Any CPU
		{ECCD078E-4F2D-4F3B-B3C3-9AFFFD785109}.Release|Any CPU.ActiveCfg = Release|Any CPU
		{ECCD078E-4F2D-4F3B-B3C3-9AFFFD785109}.Release|Any CPU.Build.0 = Release|Any CPU
		{FBB40105-0A4C-4504-807B-7CC1765E5CC5}.Debug|Any CPU.ActiveCfg = Debug|Any CPU
		{FBB40105-0A4C-4504-807B-7CC1765E5CC5}.Debug|Any CPU.Build.0 = Debug|Any CPU
		{FBB40105-0A4C-4504-807B-7CC1765E5CC5}.Release|Any CPU.ActiveCfg = Release|Any CPU
		{FBB40105-0A4C-4504-807B-7CC1765E5CC5}.Release|Any CPU.Build.0 = Release|Any CPU
		{9CEEC015-D4BC-49BA-B05E-DD252373E54E}.Debug|Any CPU.ActiveCfg = Debug|Any CPU
		{9CEEC015-D4BC-49BA-B05E-DD252373E54E}.Debug|Any CPU.Build.0 = Debug|Any CPU
		{9CEEC015-D4BC-49BA-B05E-DD252373E54E}.Release|Any CPU.ActiveCfg = Release|Any CPU
		{9CEEC015-D4BC-49BA-B05E-DD252373E54E}.Release|Any CPU.Build.0 = Release|Any CPU
		{19A96CC6-F276-4B22-9F26-1A92821C5552}.Debug|Any CPU.ActiveCfg = Debug|Any CPU
		{19A96CC6-F276-4B22-9F26-1A92821C5552}.Debug|Any CPU.Build.0 = Debug|Any CPU
		{19A96CC6-F276-4B22-9F26-1A92821C5552}.Release|Any CPU.ActiveCfg = Release|Any CPU
		{19A96CC6-F276-4B22-9F26-1A92821C5552}.Release|Any CPU.Build.0 = Release|Any CPU
		{385CBCD0-67B5-4465-9045-D5B50134084E}.Debug|Any CPU.ActiveCfg = Debug|Any CPU
		{385CBCD0-67B5-4465-9045-D5B50134084E}.Debug|Any CPU.Build.0 = Debug|Any CPU
		{385CBCD0-67B5-4465-9045-D5B50134084E}.Release|Any CPU.ActiveCfg = Release|Any CPU
		{385CBCD0-67B5-4465-9045-D5B50134084E}.Release|Any CPU.Build.0 = Release|Any CPU
		{9F34DC0E-7DAD-4E9B-B0B9-28CC7BD8B0B8}.Debug|Any CPU.ActiveCfg = Debug|Any CPU
		{9F34DC0E-7DAD-4E9B-B0B9-28CC7BD8B0B8}.Debug|Any CPU.Build.0 = Debug|Any CPU
		{9F34DC0E-7DAD-4E9B-B0B9-28CC7BD8B0B8}.Release|Any CPU.ActiveCfg = Release|Any CPU
		{9F34DC0E-7DAD-4E9B-B0B9-28CC7BD8B0B8}.Release|Any CPU.Build.0 = Release|Any CPU
		{6D4F9EA7-8D91-45F3-B285-4BCD8F2BFCD4}.Debug|Any CPU.ActiveCfg = Debug|Any CPU
		{6D4F9EA7-8D91-45F3-B285-4BCD8F2BFCD4}.Debug|Any CPU.Build.0 = Debug|Any CPU
		{6D4F9EA7-8D91-45F3-B285-4BCD8F2BFCD4}.Release|Any CPU.ActiveCfg = Release|Any CPU
		{6D4F9EA7-8D91-45F3-B285-4BCD8F2BFCD4}.Release|Any CPU.Build.0 = Release|Any CPU
		{515959B9-81E8-450E-A3A0-BF337091D6A2}.Debug|Any CPU.ActiveCfg = Debug|Any CPU
		{515959B9-81E8-450E-A3A0-BF337091D6A2}.Debug|Any CPU.Build.0 = Debug|Any CPU
		{515959B9-81E8-450E-A3A0-BF337091D6A2}.Release|Any CPU.ActiveCfg = Release|Any CPU
		{515959B9-81E8-450E-A3A0-BF337091D6A2}.Release|Any CPU.Build.0 = Release|Any CPU
		{576BA673-DBB5-4108-AD41-89E71BD42EAE}.Debug|Any CPU.ActiveCfg = Debug|Any CPU
		{576BA673-DBB5-4108-AD41-89E71BD42EAE}.Debug|Any CPU.Build.0 = Debug|Any CPU
		{576BA673-DBB5-4108-AD41-89E71BD42EAE}.Release|Any CPU.ActiveCfg = Release|Any CPU
		{576BA673-DBB5-4108-AD41-89E71BD42EAE}.Release|Any CPU.Build.0 = Release|Any CPU
		{E7F06F03-66F5-4F54-BC11-D40E1AFFD812}.Debug|Any CPU.ActiveCfg = Debug|Any CPU
		{E7F06F03-66F5-4F54-BC11-D40E1AFFD812}.Debug|Any CPU.Build.0 = Debug|Any CPU
		{E7F06F03-66F5-4F54-BC11-D40E1AFFD812}.Release|Any CPU.ActiveCfg = Release|Any CPU
		{E7F06F03-66F5-4F54-BC11-D40E1AFFD812}.Release|Any CPU.Build.0 = Release|Any CPU
		{6F6669AE-1DDB-40C3-BE94-54D632402BFA}.Debug|Any CPU.ActiveCfg = Debug|Any CPU
		{6F6669AE-1DDB-40C3-BE94-54D632402BFA}.Debug|Any CPU.Build.0 = Debug|Any CPU
		{6F6669AE-1DDB-40C3-BE94-54D632402BFA}.Release|Any CPU.ActiveCfg = Release|Any CPU
		{6F6669AE-1DDB-40C3-BE94-54D632402BFA}.Release|Any CPU.Build.0 = Release|Any CPU
		{F2E8ED6D-4A7F-4883-B517-7846A5431A26}.Debug|Any CPU.ActiveCfg = Debug|Any CPU
		{F2E8ED6D-4A7F-4883-B517-7846A5431A26}.Debug|Any CPU.Build.0 = Debug|Any CPU
		{F2E8ED6D-4A7F-4883-B517-7846A5431A26}.Release|Any CPU.ActiveCfg = Release|Any CPU
		{F2E8ED6D-4A7F-4883-B517-7846A5431A26}.Release|Any CPU.Build.0 = Release|Any CPU
		{CED9CAFB-9190-4A81-91F8-6DFA4093952E}.Debug|Any CPU.ActiveCfg = Debug|Any CPU
		{CED9CAFB-9190-4A81-91F8-6DFA4093952E}.Debug|Any CPU.Build.0 = Debug|Any CPU
		{CED9CAFB-9190-4A81-91F8-6DFA4093952E}.Release|Any CPU.ActiveCfg = Release|Any CPU
		{CED9CAFB-9190-4A81-91F8-6DFA4093952E}.Release|Any CPU.Build.0 = Release|Any CPU
		{8C9C0EFD-9FFD-4AC1-A3C2-66DD1CA1538D}.Debug|Any CPU.ActiveCfg = Debug|Any CPU
		{8C9C0EFD-9FFD-4AC1-A3C2-66DD1CA1538D}.Debug|Any CPU.Build.0 = Debug|Any CPU
		{8C9C0EFD-9FFD-4AC1-A3C2-66DD1CA1538D}.Release|Any CPU.ActiveCfg = Release|Any CPU
		{8C9C0EFD-9FFD-4AC1-A3C2-66DD1CA1538D}.Release|Any CPU.Build.0 = Release|Any CPU
		{4E0FAFA9-DDC4-421A-9140-831A3EDD62F1}.Debug|Any CPU.ActiveCfg = Debug|Any CPU
		{4E0FAFA9-DDC4-421A-9140-831A3EDD62F1}.Debug|Any CPU.Build.0 = Debug|Any CPU
		{4E0FAFA9-DDC4-421A-9140-831A3EDD62F1}.Release|Any CPU.ActiveCfg = Release|Any CPU
		{4E0FAFA9-DDC4-421A-9140-831A3EDD62F1}.Release|Any CPU.Build.0 = Release|Any CPU
		{B229C0F3-A1D0-4934-81F2-7645343A46CC}.Debug|Any CPU.ActiveCfg = Debug|Any CPU
		{B229C0F3-A1D0-4934-81F2-7645343A46CC}.Debug|Any CPU.Build.0 = Debug|Any CPU
		{B229C0F3-A1D0-4934-81F2-7645343A46CC}.Release|Any CPU.ActiveCfg = Release|Any CPU
		{B229C0F3-A1D0-4934-81F2-7645343A46CC}.Release|Any CPU.Build.0 = Release|Any CPU
		{700E1D5E-D437-49F0-A85E-8889E8999746}.Debug|Any CPU.ActiveCfg = Debug|Any CPU
		{700E1D5E-D437-49F0-A85E-8889E8999746}.Debug|Any CPU.Build.0 = Debug|Any CPU
		{700E1D5E-D437-49F0-A85E-8889E8999746}.Release|Any CPU.ActiveCfg = Release|Any CPU
		{700E1D5E-D437-49F0-A85E-8889E8999746}.Release|Any CPU.Build.0 = Release|Any CPU
	EndGlobalSection
	GlobalSection(SolutionProperties) = preSolution
		HideSolutionNode = FALSE
	EndGlobalSection
	GlobalSection(NestedProjects) = preSolution
		{A5868B97-7939-4CE9-A4DC-D7C6D1B4E43A} = {5886C73D-47E3-4521-A0E5-FF0F3FFD6B3D}
		{69708D7B-75B0-4C52-B817-D30963A195A2} = {5886C73D-47E3-4521-A0E5-FF0F3FFD6B3D}
		{E93ED454-C50A-479A-B79F-836707E11D1E} = {5886C73D-47E3-4521-A0E5-FF0F3FFD6B3D}
		{5963A31B-B761-400D-944A-F961B3BE2149} = {5886C73D-47E3-4521-A0E5-FF0F3FFD6B3D}
		{51CB6F80-5A22-467B-ADAD-C75E22515ABA} = {42270B45-D605-4C73-A20D-C5805D383BA4}
		{1185EF72-CAAA-4707-A731-D4CC1B69F1BD} = {42270B45-D605-4C73-A20D-C5805D383BA4}
		{67B5378A-465A-48A0-9CA3-8D24D1CCD067} = {42270B45-D605-4C73-A20D-C5805D383BA4}
		{DEE1A34D-39FB-49E1-9E52-E0DFE6420ECB} = {E6BCEBCB-144D-4C6A-BC5D-32CE18F35A62}
		{79AFC4A5-16D6-4659-879B-386ED3ED3368} = {E6BCEBCB-144D-4C6A-BC5D-32CE18F35A62}
		{84C88299-CCF9-4141-9F64-95E1DD6D761C} = {E6BCEBCB-144D-4C6A-BC5D-32CE18F35A62}
		{9F366247-DB3D-4CCA-BDD7-2D178DF865A3} = {96975095-90CC-4BDC-A0B3-E0136C51F9C3}
		{FE5AD270-765B-4639-835A-07FA15C253C2} = {CEFF43FE-1187-45AE-ACD7-69675F48EB67}
		{B7FB6392-A95E-4F8A-A595-2FDB7AE0FDA4} = {CEFF43FE-1187-45AE-ACD7-69675F48EB67}
		{C0BED10B-D708-482A-A26E-A5536D9FBCEB} = {6275FF43-ADD4-4DE1-9E61-7F93E48CC5DC}
		{5214CC17-8399-4866-9B09-D90ADEDC0EE4} = {6275FF43-ADD4-4DE1-9E61-7F93E48CC5DC}
		{13E2CFA3-525B-4692-8A25-82346E7E6AC4} = {6275FF43-ADD4-4DE1-9E61-7F93E48CC5DC}
		{6F019D17-A415-430C-96C2-BF0EADA82FFE} = {6275FF43-ADD4-4DE1-9E61-7F93E48CC5DC}
		{9584C142-4945-4AA8-B840-051EFE17420F} = {F05F4984-5CB7-4FCE-BC03-5215C5DECE86}
		{0796A616-2E45-43EE-A0A2-E1A482BE6BFA} = {F05F4984-5CB7-4FCE-BC03-5215C5DECE86}
		{D1E6FB89-F6D9-49B6-B59E-8FC5CFE5349A} = {F05F4984-5CB7-4FCE-BC03-5215C5DECE86}
		{6D42FD62-56BF-439A-A528-54ED35F5E543} = {F05F4984-5CB7-4FCE-BC03-5215C5DECE86}
		{4612DE59-F623-4C66-B8E5-0762FBF3EBCA} = {4D95C49C-EB14-49AC-B572-2185343B3990}
		{9C035D56-1E9F-4D55-AB2A-C2EED64365FE} = {4D95C49C-EB14-49AC-B572-2185343B3990}
		{803828DD-8934-4833-9DA5-96FBBD176D0D} = {4D95C49C-EB14-49AC-B572-2185343B3990}
		{845F09C2-C044-4B54-95A8-57BD9DCEF2C5} = {D6BDAA16-AE02-434F-8DC9-9C5A0019D257}
		{ECD2BF1A-E80B-4497-AAFC-D175725F113D} = {D6BDAA16-AE02-434F-8DC9-9C5A0019D257}
		{DC5FC0D7-DBDA-4A95-AB90-FE5A86114479} = {D6BDAA16-AE02-434F-8DC9-9C5A0019D257}
		{87F8323B-02EE-4D54-BCC0-7493EE11E0DF} = {83540BF6-1FFB-4D28-AE80-411186FD1096}
		{7B499A02-C379-43E9-B0E6-78790E2F4568} = {83540BF6-1FFB-4D28-AE80-411186FD1096}
		{E75749DA-2E58-4887-BB44-A495012C807D} = {83540BF6-1FFB-4D28-AE80-411186FD1096}
		{805DFC0C-B745-45EC-83C1-AE9F901EDA41} = {6275FF43-ADD4-4DE1-9E61-7F93E48CC5DC}
		{94ED0A37-27B4-45A2-949C-0642ED085DDD} = {805DFC0C-B745-45EC-83C1-AE9F901EDA41}
		{C5097D01-1AC9-4410-8BF3-6EA8DE1EF617} = {805DFC0C-B745-45EC-83C1-AE9F901EDA41}
		{E4C90119-958B-4BE6-8210-189E0E63DF8D} = {805DFC0C-B745-45EC-83C1-AE9F901EDA41}
		{4E2E12F5-3D2C-43B3-828E-8755525176B1} = {805DFC0C-B745-45EC-83C1-AE9F901EDA41}
		{914A887E-AEC8-471C-8559-3A94F2A60662} = {F05F4984-5CB7-4FCE-BC03-5215C5DECE86}
		{B70CB7E4-D613-4217-9918-D23C53937361} = {914A887E-AEC8-471C-8559-3A94F2A60662}
		{ECCD078E-4F2D-4F3B-B3C3-9AFFFD785109} = {914A887E-AEC8-471C-8559-3A94F2A60662}
		{FBB40105-0A4C-4504-807B-7CC1765E5CC5} = {914A887E-AEC8-471C-8559-3A94F2A60662}
		{71B25B77-90F5-49DD-A50D-1DA05049147F} = {4D95C49C-EB14-49AC-B572-2185343B3990}
		{9CEEC015-D4BC-49BA-B05E-DD252373E54E} = {71B25B77-90F5-49DD-A50D-1DA05049147F}
		{19A96CC6-F276-4B22-9F26-1A92821C5552} = {71B25B77-90F5-49DD-A50D-1DA05049147F}
		{385CBCD0-67B5-4465-9045-D5B50134084E} = {71B25B77-90F5-49DD-A50D-1DA05049147F}
		{28880B8E-8AC9-49A3-938B-D0D38808AF8E} = {D6BDAA16-AE02-434F-8DC9-9C5A0019D257}
		{9F34DC0E-7DAD-4E9B-B0B9-28CC7BD8B0B8} = {28880B8E-8AC9-49A3-938B-D0D38808AF8E}
		{6D4F9EA7-8D91-45F3-B285-4BCD8F2BFCD4} = {28880B8E-8AC9-49A3-938B-D0D38808AF8E}
		{515959B9-81E8-450E-A3A0-BF337091D6A2} = {28880B8E-8AC9-49A3-938B-D0D38808AF8E}
		{C93CAA42-87FE-43FE-91A0-93DBAFF6B5EE} = {D6BDAA16-AE02-434F-8DC9-9C5A0019D257}
		{576BA673-DBB5-4108-AD41-89E71BD42EAE} = {C93CAA42-87FE-43FE-91A0-93DBAFF6B5EE}
		{E7F06F03-66F5-4F54-BC11-D40E1AFFD812} = {C93CAA42-87FE-43FE-91A0-93DBAFF6B5EE}
		{6F6669AE-1DDB-40C3-BE94-54D632402BFA} = {C93CAA42-87FE-43FE-91A0-93DBAFF6B5EE}
		{B9F06EF7-1691-4AE5-8466-21A52A647381} = {83540BF6-1FFB-4D28-AE80-411186FD1096}
		{F2E8ED6D-4A7F-4883-B517-7846A5431A26} = {B9F06EF7-1691-4AE5-8466-21A52A647381}
		{CED9CAFB-9190-4A81-91F8-6DFA4093952E} = {B9F06EF7-1691-4AE5-8466-21A52A647381}
		{8C9C0EFD-9FFD-4AC1-A3C2-66DD1CA1538D} = {B9F06EF7-1691-4AE5-8466-21A52A647381}
		{2CB674EA-2A67-4043-983C-904E7D10C23D} = {49C3DAE0-1F86-4728-8FA3-3DEC7846D198}
		{4E0FAFA9-DDC4-421A-9140-831A3EDD62F1} = {2CB674EA-2A67-4043-983C-904E7D10C23D}
		{B229C0F3-A1D0-4934-81F2-7645343A46CC} = {2CB674EA-2A67-4043-983C-904E7D10C23D}
		{700E1D5E-D437-49F0-A85E-8889E8999746} = {2CB674EA-2A67-4043-983C-904E7D10C23D}
	EndGlobalSection
	GlobalSection(ExtensibilityGlobals) = postSolution
		SolutionGuid = {EC65389B-8CC7-4F19-9060-C510C9EDAA39}
	EndGlobalSection
EndGlobal
